PackratFormat: 1.4
PackratVersion: 0.4.8.1
RVersion: 3.4.1
Repos: CRAN=https://cran.rstudio.com/

Package: BH
Source: CRAN
Version: 1.65.0-1
Hash: 95f62be4d6916aae14a310a8b56a6475

Package: MASS
Source: CRAN
Version: 7.3-47
Hash: cef924b1619219cfc32edbb8a340e652

Package: R6
Source: CRAN
Version: 2.2.2
Hash: b2366cd9d2f3851a5704b4e192b985c2

Package: RColorBrewer
Source: CRAN
Version: 1.1-2
Hash: c0d56cd15034f395874c870141870c25

Package: Rcpp
Source: CRAN
Version: 0.12.15
Hash: a419463fc86b3ecc7338ae3ac3bbb268

Package: V8
Source: CRAN
Version: 1.5
Hash: a933dcc06151538c3988b18155e85aeb
Requires: Rcpp, curl, jsonlite

Package: assertthat
Source: CRAN
Version: 0.2.0
Hash: e8805df54c65ac96d50235c44a82615c

Package: base64enc
Source: CRAN
Version: 0.1-3
Hash: c590d29e555926af053055e23ee79efb

Package: bindr
Source: CRAN
Version: 0.1
Hash: e3a02070cf705d3ad1c5af1635a515a3

Package: bindrcpp
Source: CRAN
Version: 0.2
Hash: 2d69ff431a54f6c4a750754b88c7e0af
Requires: Rcpp, bindr, plogr

Package: cli
Source: CRAN
Version: 1.0.0
Hash: f4239f89feb7ddc65821e4514e9734ae
Requires: assertthat, crayon

Package: colorspace
Source: CRAN
Version: 1.3-2
Hash: 0bf8618b585fa98eb23414cd3ab95118

Package: crayon
Source: CRAN
Version: 1.3.4
Hash: ff2840dd9b0d563fc80377a5a45510cd

Package: crosstalk
Source: CRAN
Version: 1.0.0
Hash: c13adea5906fbe2becfcb5f843b26749
Requires: R6, ggplot2, htmltools, jsonlite, lazyeval, shiny

Package: curl
Source: CRAN
Version: 3.1
Hash: 877149b42d479b93ab15d5cef46c0f1b

Package: dichromat
Source: CRAN
Version: 2.0-0
Hash: 08eed0c80510af29bb15f840ccfe37ce

Package: digest
Source: CRAN
Version: 0.6.15
Hash: 1f202ebd812ac7192be3739245746a13

Package: dplyr
Source: CRAN
Version: 0.7.4
Hash: afee83094df37f504c726aebed71109c
Requires: BH, R6, Rcpp, assertthat, bindrcpp, glue, magrittr,
    pkgconfig, plogr, rlang, tibble

Package: foreign
Source: CRAN
Version: 0.8-69
Hash: 6cb09ceba757189aff90eb9bb72c8983

Package: geojson
Source: CRAN
Version: 0.2.0
Hash: a1aa785fa64296f9f0d8b40c55a1538d
Requires: jqr, jsonlite, lazyeval, magrittr, protolite, sp

Package: geojsonio
Source: CRAN
Version: 0.5.0
Hash: 11ab10b9f42edb7cebd2d3bd83be0a9e
Requires: V8, geojson, httr, jqr, jsonlite, magrittr, maptools, readr,
    rgdal, rgeos, sp

Package: ggplot2
Source: CRAN
Version: 2.2.1
Hash: 46e5cb78836848aa44655e577433f54b
Requires: MASS, digest, gtable, lazyeval, plyr, reshape2, scales,
    tibble

Package: glue
Source: CRAN
Version: 1.2.0
Hash: 381e42baedecc633c0e547a0c7ca9de7

Package: gridExtra
Source: CRAN
Version: 2.3
Hash: fa977bc1aab5588a08123b10ceb1ad3d
Requires: gtable

Package: gtable
Source: CRAN
Version: 0.2.0
Hash: cd78381a9d3fea966ac39bd0daaf5554

Package: hms
Source: CRAN
Version: 0.4.1
Hash: f245eee62ab93358520f95cae7aeb5f4
Requires: pkgconfig, rlang

Package: htmltools
Source: CRAN
Version: 0.3.6
Hash: f6fa1ff1db422a2c5227be30cab6c273
Requires: Rcpp, digest

Package: htmlwidgets
Source: CRAN
Version: 1.0
Hash: f34dd51a49b6d2947bc853223897854b
Requires: htmltools, jsonlite, yaml

Package: httpuv
Source: CRAN
Version: 1.3.5
Hash: e84ff210704225e98da111beaa238472
Requires: Rcpp

Package: httr
Source: CRAN
Version: 1.3.1
Hash: 2d32e01e53d532c812052e27a1021441
Requires: R6, curl, jsonlite, mime, openssl

Package: jqr
Source: CRAN
Version: 1.0.0
Hash: ae7237a3a2461f330c0dbe57e62cad48
Requires: lazyeval, magrittr

Package: jsonlite
Source: CRAN
Version: 1.5
Hash: 9c51936d8dd00b2f1d4fe9d10499694c

Package: labeling
Source: CRAN
Version: 0.3
Hash: ecf589b42cd284b03a4beb9665482d3e

Package: lattice
Source: CRAN
Version: 0.20-35
Hash: 26b9d7f0d0cb4e1d1bbb97f867c82d89

Package: lazyeval
Source: CRAN
Version: 0.2.1
Hash: 88926ad9c43581fd0822a37c8ed09f05

Package: leaflet
Source: CRAN
Version: 1.1.0
Hash: 25f9a891535d490e22c4e200bf303362
Requires: RColorBrewer, base64enc, crosstalk, htmltools, htmlwidgets,
    magrittr, markdown, png, raster, scales, sp, viridis

Package: magrittr
Source: CRAN
Version: 1.5
Hash: bdc4d48c3135e8f3b399536ddf160df4

Package: maptools
Source: CRAN
Version: 0.9-2
Hash: 2dfbad6ef57f83a91e4e9d4ccc0807cd
Requires: foreign, lattice, sp

Package: markdown
Source: CRAN
Version: 0.8
Hash: 045d7c594d503b41f1c28946d076c8aa
Requires: mime

Package: mime
Source: CRAN
Version: 0.5
Hash: 463550cf44fb6f0a2359368f42eebe62

Package: munsell
Source: CRAN
Version: 0.4.3
Hash: f96d896947fcaf9b6d0074002e9f4f9d
Requires: colorspace

Package: openssl
Source: CRAN
Version: 0.9.9
Hash: 3858537ac10388a5db1687450908f257

Package: packrat
Source: CRAN
Version: 0.4.8-1
Hash: 6ad605ba7b4b476d84be6632393f5765

Package: pillar
Source: CRAN
Version: 1.1.0
Hash: 576bf712d620ca2b6ca76ca7b6cb5547
Requires: cli, crayon, rlang, utf8

Package: pkgconfig
Source: CRAN
Version: 2.0.1
Hash: 0dda4a2654a22b36a715c2b0b6fbacac

Package: plogr
Source: CRAN
Version: 0.1-1
Hash: fb19215402e2d9f1c7f803dcaa806fc2

Package: plyr
Source: CRAN
Version: 1.8.4
Hash: 02588dd72bf343b964fa2fe450e0cf96
Requires: Rcpp

Package: png
Source: CRAN
Version: 0.1-7
Hash: 421d7d6e0fb4bd885ecbd909b6456b8b

Package: protolite
Source: CRAN
Version: 1.7
Hash: 37e98adb1047183023868bfac51333de
Requires: Rcpp, jsonlite

Package: raster
Source: CRAN
Version: 2.6-7
Hash: f2afb6322a1b002b574a83a20b34d988
Requires: Rcpp, sp

Package: readr
Source: CRAN
Version: 1.1.1
Hash: 84a71b41255ec67c4b5cd8fd8007fad3
Requires: BH, R6, Rcpp, hms, tibble

Package: reshape2
Source: CRAN
Version: 1.4.3
Hash: d97526fe6578cabf71bb7688c601b4ba
Requires: Rcpp, plyr, stringr

Package: rgdal
Source: CRAN
Version: 1.2-16
Hash: 415bcd52174da30bedbca3001a28b258
Requires: sp

Package: rgeos
Source: CRAN
Version: 0.3-26
Hash: 005ef516f59ce5d35fa8c8b166b5f68a
Requires: sp

Package: rlang
Source: CRAN
Version: 0.1.6
Hash: 8eb4b2dce38b8f663cb9364b28eaa76b

Package: scales
Source: CRAN
Version: 0.5.0
Hash: 671f5636c97d798fd738f04a847900de
Requires: R6, RColorBrewer, Rcpp, dichromat, labeling, munsell, plyr,
    viridisLite

Package: shiny
Source: CRAN
Version: 1.0.5
Hash: 4d47532a807122bfd6bc3818310f9d2e
Requires: R6, digest, htmltools, httpuv, jsonlite, mime, sourcetools,
    xtable

Package: sourcetools
Source: CRAN
Version: 0.1.6
Hash: 226d56d7469587da40b0f96180e711b4

Package: sp
Source: CRAN
Version: 1.2-7
Hash: 6faf282e9f36440f7b51a30ed83e7621
Requires: lattice

Package: stringi
Source: CRAN
Version: 1.1.6
Hash: 4430faf2bcbe1b8de0d9be55bcfdcc0b

Package: stringr
Source: CRAN
Version: 1.2.0
Hash: 25a86d7f410513ebb7c0bc6a5e16bdc3
Requires: magrittr, stringi

Package: tibble
Source: CRAN
Version: 1.4.2
Hash: 83895360ce4f8d2ce92eee00526b5b0b
Requires: cli, crayon, pillar, rlang

Package: utf8
Source: CRAN
Version: 1.1.3
Hash: a2fe6a996668ee5850b7719f365e831b

Package: viridis
Source: CRAN
Version: 0.4.1
Hash: e96f1e21974afbf058b8b5e61a036376
Requires: ggplot2, gridExtra, viridisLite

Package: viridisLite
Source: CRAN
Version: 0.2.0
Hash: 10f0c25af3dc84eaae10f5854f47efdb

Package: xtable
Source: CRAN
Version: 1.8-2
Hash: 7293235cfcc14cdff1ce7fd1a0212031

Package: yaml
Source: CRAN
Version: 2.1.16
Hash: 784ea5d8302d4a81f166a32a33c10711
